
Microsoft Visual Studio Solution File, Format Version 12.00
# Visual Studio Version 17
VisualStudioVersion = 17.8.34525.116
MinimumVisualStudioVersion = 10.0.40219.1
Project("{FAE04EC0-301F-11D3-BF4B-00C04F79EFBC}") = "SchoolSystem", "SchoolSystem\SchoolSystem.csproj", "{F16A848C-A37B-4A39-917F-0219B3B7BCB1}"
EndProject
Project("{FAE04EC0-301F-11D3-BF4B-00C04F79EFBC}") = "APIServices", "APIServices\APIServices.csproj", "{801D1D06-8755-483A-9479-DCD4E2267B75}"
EndProject
Project("{FAE04EC0-301F-11D3-BF4B-00C04F79EFBC}") = "APIRepositories", "APIRepositories\APIRepositories.csproj", "{A0A4FE72-D082-4FAD-9136-CA336230E15B}"
EndProject
Global
	GlobalSection(SolutionConfigurationPlatforms) = preSolution
		Debug|Any CPU = Debug|Any CPU
		Release|Any CPU = Release|Any CPU
	EndGlobalSection
	GlobalSection(ProjectConfigurationPlatforms) = postSolution
		{F16A848C-A37B-4A39-917F-0219B3B7BCB1}.Debug|Any CPU.ActiveCfg = Debug|Any CPU
		{F16A848C-A37B-4A39-917F-0219B3B7BCB1}.Debug|Any CPU.Build.0 = Debug|Any CPU
		{F16A848C-A37B-4A39-917F-0219B3B7BCB1}.Release|Any CPU.ActiveCfg = Release|Any CPU
		{F16A848C-A37B-4A39-917F-0219B3B7BCB1}.Release|Any CPU.Build.0 = Release|Any CPU
		{801D1D06-8755-483A-9479-DCD4E2267B75}.Debug|Any CPU.ActiveCfg = Debug|Any CPU
		{801D1D06-8755-483A-9479-DCD4E2267B75}.Debug|Any CPU.Build.0 = Debug|Any CPU
		{801D1D06-8755-483A-9479-DCD4E2267B75}.Release|Any CPU.ActiveCfg = Release|Any CPU
		{801D1D06-8755-483A-9479-DCD4E2267B75}.Release|Any CPU.Build.0 = Release|Any CPU
		{A0A4FE72-D082-4FAD-9136-CA336230E15B}.Debug|Any CPU.ActiveCfg = Debug|Any CPU
		{A0A4FE72-D082-4FAD-9136-CA336230E15B}.Debug|Any CPU.Build.0 = Debug|Any CPU
		{A0A4FE72-D082-4FAD-9136-CA336230E15B}.Release|Any CPU.ActiveCfg = Release|Any CPU
		{A0A4FE72-D082-4FAD-9136-CA336230E15B}.Release|Any CPU.Build.0 = Release|Any CPU
	EndGlobalSection
	GlobalSection(SolutionProperties) = preSolution
		HideSolutionNode = FALSE
	EndGlobalSection
	GlobalSection(ExtensibilityGlobals) = postSolution
		SolutionGuid = {673C76FC-AD84-4655-AC69-38276146FF73}
	EndGlobalSection
EndGlobal
